// !$*UTF8*$!
{
	archiveVersion = 1;
	classes = {
	};
	objectVersion = 48;
	objects = {

/* Begin PBXBuildFile section */
		868A76751F43535700A43F78 /* AppDelegate.swift in Sources */ = {isa = PBXBuildFile; fileRef = 868A76741F43535700A43F78 /* AppDelegate.swift */; };
		868A76771F43535700A43F78 /* art.scnassets in Resources */ = {isa = PBXBuildFile; fileRef = 868A76761F43535700A43F78 /* art.scnassets */; };
		868A76791F43535700A43F78 /* ViewController.swift in Sources */ = {isa = PBXBuildFile; fileRef = 868A76781F43535700A43F78 /* ViewController.swift */; };
		868A767C1F43535700A43F78 /* Main.storyboard in Resources */ = {isa = PBXBuildFile; fileRef = 868A767A1F43535700A43F78 /* Main.storyboard */; };
		868A767E1F43535700A43F78 /* Assets.xcassets in Resources */ = {isa = PBXBuildFile; fileRef = 868A767D1F43535700A43F78 /* Assets.xcassets */; };
		868A76811F43535700A43F78 /* LaunchScreen.storyboard in Resources */ = {isa = PBXBuildFile; fileRef = 868A767F1F43535700A43F78 /* LaunchScreen.storyboard */; };
		868A7A551F435D9900A43F78 /* HogwartsNode.swift in Sources */ = {isa = PBXBuildFile; fileRef = 868A7A541F435D9900A43F78 /* HogwartsNode.swift */; };
		86D0FDDA1F43D6800053BBF8 /* Plane.swift in Sources */ = {isa = PBXBuildFile; fileRef = 86D0FDD91F43D6800053BBF8 /* Plane.swift */; };
/* End PBXBuildFile section */

/* Begin PBXFileReference section */
		868A76711F43535700A43F78 /* HogwartsAR.app */ = {isa = PBXFileReference; explicitFileType = wrapper.application; includeInIndex = 0; path = HogwartsAR.app; sourceTree = BUILT_PRODUCTS_DIR; };
		868A76741F43535700A43F78 /* AppDelegate.swift */ = {isa = PBXFileReference; lastKnownFileType = sourcecode.swift; path = AppDelegate.swift; sourceTree = "<group>"; };
		868A76761F43535700A43F78 /* art.scnassets */ = {isa = PBXFileReference; lastKnownFileType = wrapper.scnassets; path = art.scnassets; sourceTree = "<group>"; };
		868A76781F43535700A43F78 /* ViewController.swift */ = {isa = PBXFileReference; lastKnownFileType = sourcecode.swift; path = ViewController.swift; sourceTree = "<group>"; };
		868A767B1F43535700A43F78 /* Base */ = {isa = PBXFileReference; lastKnownFileType = file.storyboard; name = Base; path = Base.lproj/Main.storyboard; sourceTree = "<group>"; };
		868A767D1F43535700A43F78 /* Assets.xcassets */ = {isa = PBXFileReference; lastKnownFileType = folder.assetcatalog; path = Assets.xcassets; sourceTree = "<group>"; };
		868A76801F43535700A43F78 /* Base */ = {isa = PBXFileReference; lastKnownFileType = file.storyboard; name = Base; path = Base.lproj/LaunchScreen.storyboard; sourceTree = "<group>"; };
		868A76821F43535700A43F78 /* Info.plist */ = {isa = PBXFileReference; lastKnownFileType = text.plist.xml; path = Info.plist; sourceTree = "<group>"; };
		868A7A541F435D9900A43F78 /* HogwartsNode.swift */ = {isa = PBXFileReference; lastKnownFileType = sourcecode.swift; path = HogwartsNode.swift; sourceTree = "<group>"; };
		86D0FDD91F43D6800053BBF8 /* Plane.swift */ = {isa = PBXFileReference; lastKnownFileType = sourcecode.swift; path = Plane.swift; sourceTree = "<group>"; };
/* End PBXFileReference section */

/* Begin PBXFrameworksBuildPhase section */
		868A766E1F43535700A43F78 /* Frameworks */ = {
			isa = PBXFrameworksBuildPhase;
			buildActionMask = 2147483647;
			files = (
			);
			runOnlyForDeploymentPostprocessing = 0;
		};
/* End PBXFrameworksBuildPhase section */

/* Begin PBXGroup section */
		868A76681F43535700A43F78 = {
			isa = PBXGroup;
			children = (
				868A76741F43535700A43F78 /* AppDelegate.swift */,
				868A76731F43535700A43F78 /* HogwartsAR */,
				86D0FDD71F43D3300053BBF8 /* Assets */,
				868A76721F43535700A43F78 /* Products */,
			);
			sourceTree = "<group>";
		};
		868A76721F43535700A43F78 /* Products */ = {
			isa = PBXGroup;
			children = (
				868A76711F43535700A43F78 /* HogwartsAR.app */,
			);
			name = Products;
			sourceTree = "<group>";
		};
		868A76731F43535700A43F78 /* HogwartsAR */ = {
			isa = PBXGroup;
			children = (
				86D0FDD81F43D57C0053BBF8 /* Nodes */,
				868A76781F43535700A43F78 /* ViewController.swift */,
				868A76821F43535700A43F78 /* Info.plist */,
			);
			path = HogwartsAR;
			sourceTree = "<group>";
		};
		86D0FDD71F43D3300053BBF8 /* Assets */ = {
			isa = PBXGroup;
			children = (
				868A767A1F43535700A43F78 /* Main.storyboard */,
				868A76761F43535700A43F78 /* art.scnassets */,
				868A767D1F43535700A43F78 /* Assets.xcassets */,
				868A767F1F43535700A43F78 /* LaunchScreen.storyboard */,
			);
			path = Assets;
			sourceTree = "<group>";
		};
		86D0FDD81F43D57C0053BBF8 /* Nodes */ = {
			isa = PBXGroup;
			children = (
				868A7A541F435D9900A43F78 /* HogwartsNode.swift */,
				86D0FDD91F43D6800053BBF8 /* Plane.swift */,
			);
			path = Nodes;
			sourceTree = "<group>";
		};
/* End PBXGroup section */

/* Begin PBXNativeTarget section */
		868A76701F43535700A43F78 /* HogwartsAR */ = {
			isa = PBXNativeTarget;
			buildConfigurationList = 868A76851F43535700A43F78 /* Build configuration list for PBXNativeTarget "HogwartsAR" */;
			buildPhases = (
				868A766D1F43535700A43F78 /* Sources */,
				868A766E1F43535700A43F78 /* Frameworks */,
				868A766F1F43535700A43F78 /* Resources */,
			);
			buildRules = (
			);
			dependencies = (
			);
			name = HogwartsAR;
			productName = HogwartsAR;
			productReference = 868A76711F43535700A43F78 /* HogwartsAR.app */;
			productType = "com.apple.product-type.application";
		};
/* End PBXNativeTarget section */

/* Begin PBXProject section */
		868A76691F43535700A43F78 /* Project object */ = {
			isa = PBXProject;
			attributes = {
				LastSwiftUpdateCheck = 0900;
				LastUpgradeCheck = 0900;
				ORGANIZATIONNAME = "Kalvin Loc";
				TargetAttributes = {
					868A76701F43535700A43F78 = {
						CreatedOnToolsVersion = 9.0;
					};
				};
			};
			buildConfigurationList = 868A766C1F43535700A43F78 /* Build configuration list for PBXProject "HogwartsAR" */;
			compatibilityVersion = "Xcode 8.0";
			developmentRegion = en;
			hasScannedForEncodings = 0;
			knownRegions = (
				en,
				Base,
			);
			mainGroup = 868A76681F43535700A43F78;
			productRefGroup = 868A76721F43535700A43F78 /* Products */;
			projectDirPath = "";
			projectRoot = "";
			targets = (
				868A76701F43535700A43F78 /* HogwartsAR */,
			);
		};
/* End PBXProject section */

/* Begin PBXResourcesBuildPhase section */
		868A766F1F43535700A43F78 /* Resources */ = {
			isa = PBXResourcesBuildPhase;
			buildActionMask = 2147483647;
			files = (
				868A76771F43535700A43F78 /* art.scnassets in Resources */,
				868A76811F43535700A43F78 /* LaunchScreen.storyboard in Resources */,
				868A767E1F43535700A43F78 /* Assets.xcassets in Resources */,
				868A767C1F43535700A43F78 /* Main.storyboard in Resources */,
			);
			runOnlyForDeploymentPostprocessing = 0;
		};
/* End PBXResourcesBuildPhase section */

/* Begin PBXSourcesBuildPhase section */
		868A766D1F43535700A43F78 /* Sources */ = {
			isa = PBXSourcesBuildPhase;
			buildActionMask = 2147483647;
			files = (
				868A7A551F435D9900A43F78 /* HogwartsNode.swift in Sources */,
				868A76791F43535700A43F78 /* ViewController.swift in Sources */,
				86D0FDDA1F43D6800053BBF8 /* Plane.swift in Sources */,
				868A76751F43535700A43F78 /* AppDelegate.swift in Sources */,
			);
			runOnlyForDeploymentPostprocessing = 0;
		};
/* End PBXSourcesBuildPhase section */

/* Begin PBXVariantGroup section */
		868A767A1F43535700A43F78 /* Main.storyboard */ = {
			isa = PBXVariantGroup;
			children = (
				868A767B1F43535700A43F78 /* Base */,
			);
			name = Main.storyboard;
			sourceTree = "<group>";
		};
		868A767F1F43535700A43F78 /* LaunchScreen.storyboard */ = {
			isa = PBXVariantGroup;
			children = (
				868A76801F43535700A43F78 /* Base */,
			);
			name = LaunchScreen.storyboard;
			sourceTree = "<group>";
		};
/* End PBXVariantGroup section */

/* Begin XCBuildConfiguration section */
		868A76831F43535700A43F78 /* Debug */ = {
			isa = XCBuildConfiguration;
			buildSettings = {
				ALWAYS_SEARCH_USER_PATHS = NO;
				CLANG_ANALYZER_NONNULL = YES;
				CLANG_ANALYZER_NUMBER_OBJECT_CONVERSION = YES_AGGRESSIVE;
				CLANG_CXX_LANGUAGE_STANDARD = "gnu++14";
				CLANG_CXX_LIBRARY = "libc++";
				CLANG_ENABLE_MODULES = YES;
				CLANG_ENABLE_OBJC_ARC = YES;
				CLANG_WARN_BLOCK_CAPTURE_AUTORELEASING = YES;
				CLANG_WARN_BOOL_CONVERSION = YES;
				CLANG_WARN_COMMA = YES;
				CLANG_WARN_CONSTANT_CONVERSION = YES;
				CLANG_WARN_DIRECT_OBJC_ISA_USAGE = YES_ERROR;
				CLANG_WARN_DOCUMENTATION_COMMENTS = YES;
				CLANG_WARN_EMPTY_BODY = YES;
				CLANG_WARN_ENUM_CONVERSION = YES;
				CLANG_WARN_INFINITE_RECURSION = YES;
				CLANG_WARN_INT_CONVERSION = YES;
				CLANG_WARN_NON_LITERAL_NULL_CONVERSION = YES;
				CLANG_WARN_OBJC_LITERAL_CONVERSION = YES;
				CLANG_WARN_OBJC_ROOT_CLASS = YES_ERROR;
				CLANG_WARN_RANGE_LOOP_ANALYSIS = YES;
				CLANG_WARN_STRICT_PROTOTYPES = YES;
				CLANG_WARN_SUSPICIOUS_MOVE = YES;
				CLANG_WARN_UNGUARDED_AVAILABILITY = YES_AGGRESSIVE;
				CLANG_WARN_UNREACHABLE_CODE = YES;
				CLANG_WARN__DUPLICATE_METHOD_MATCH = YES;
				CODE_SIGN_IDENTITY = "iPhone Developer";
				COPY_PHASE_STRIP = NO;
				DEBUG_INFORMATION_FORMAT = dwarf;
				ENABLE_STRICT_OBJC_MSGSEND = YES;
				ENABLE_TESTABILITY = YES;
				GCC_C_LANGUAGE_STANDARD = gnu11;
				GCC_DYNAMIC_NO_PIC = NO;
				GCC_NO_COMMON_BLOCKS = YES;
				GCC_OPTIMIZATION_LEVEL = 0;
				GCC_PREPROCESSOR_DEFINITIONS = (
					"DEBUG=1",
					"$(inherited)",
				);
				GCC_WARN_64_TO_32_BIT_CONVERSION = YES;
				GCC_WARN_ABOUT_RETURN_TYPE = YES_ERROR;
				GCC_WARN_UNDECLARED_SELECTOR = YES;
				GCC_WARN_UNINITIALIZED_AUTOS = YES_AGGRESSIVE;
				GCC_WARN_UNUSED_FUNCTION = YES;
				GCC_WARN_UNUSED_VARIABLE = YES;
				IPHONEOS_DEPLOYMENT_TARGET = 11.0;
				MTL_ENABLE_DEBUG_INFO = YES;
				ONLY_ACTIVE_ARCH = YES;
				SDKROOT = iphoneos;
				SWIFT_ACTIVE_COMPILATION_CONDITIONS = DEBUG;
				SWIFT_OPTIMIZATION_LEVEL = "-Onone";
			};
			name = Debug;
		};
		868A76841F43535700A43F78 /* Release */ = {
			isa = XCBuildConfiguration;
			buildSettings = {
				ALWAYS_SEARCH_USER_PATHS = NO;
				CLANG_ANALYZER_NONNULL = YES;
				CLANG_ANALYZER_NUMBER_OBJECT_CONVERSION = YES_AGGRESSIVE;
				CLANG_CXX_LANGUAGE_STANDARD = "gnu++14";
				CLANG_CXX_LIBRARY = "libc++";
				CLANG_ENABLE_MODULES = YES;
				CLANG_ENABLE_OBJC_ARC = YES;
				CLANG_WARN_BLOCK_CAPTURE_AUTORELEASING = YES;
				CLANG_WARN_BOOL_CONVERSION = YES;
				CLANG_WARN_COMMA = YES;
				CLANG_WARN_CONSTANT_CONVERSION = YES;
				CLANG_WARN_DIRECT_OBJC_ISA_USAGE = YES_ERROR;
				CLANG_WARN_DOCUMENTATION_COMMENTS = YES;
				CLANG_WARN_EMPTY_BODY = YES;
				CLANG_WARN_ENUM_CONVERSION = YES;
				CLANG_WARN_INFINITE_RECURSION = YES;
				CLANG_WARN_INT_CONVERSION = YES;
				CLANG_WARN_NON_LITERAL_NULL_CONVERSION = YES;
				CLANG_WARN_OBJC_LITERAL_CONVERSION = YES;
				CLANG_WARN_OBJC_ROOT_CLASS = YES_ERROR;
				CLANG_WARN_RANGE_LOOP_ANALYSIS = YES;
				CLANG_WARN_STRICT_PROTOTYPES = YES;
				CLANG_WARN_SUSPICIOUS_MOVE = YES;
				CLANG_WARN_UNGUARDED_AVAILABILITY = YES_AGGRESSIVE;
				CLANG_WARN_UNREACHABLE_CODE = YES;
				CLANG_WARN__DUPLICATE_METHOD_MATCH = YES;
				CODE_SIGN_IDENTITY = "iPhone Developer";
				COPY_PHASE_STRIP = NO;
				DEBUG_INFORMATION_FORMAT = "dwarf-with-dsym";
				ENABLE_NS_ASSERTIONS = NO;
				ENABLE_STRICT_OBJC_MSGSEND = YES;
				GCC_C_LANGUAGE_STANDARD = gnu11;
				GCC_NO_COMMON_BLOCKS = YES;
				GCC_WARN_64_TO_32_BIT_CONVERSION = YES;
				GCC_WARN_ABOUT_RETURN_TYPE = YES_ERROR;
				GCC_WARN_UNDECLARED_SELECTOR = YES;
				GCC_WARN_UNINITIALIZED_AUTOS = YES_AGGRESSIVE;
				GCC_WARN_UNUSED_FUNCTION = YES;
				GCC_WARN_UNUSED_VARIABLE = YES;
				IPHONEOS_DEPLOYMENT_TARGET = 11.0;
				MTL_ENABLE_DEBUG_INFO = NO;
				SDKROOT = iphoneos;
				SWIFT_OPTIMIZATION_LEVEL = "-Owholemodule";
				VALIDATE_PRODUCT = YES;
			};
			name = Release;
		};
		868A76861F43535700A43F78 /* Debug */ = {
			isa = XCBuildConfiguration;
			buildSettings = {
				ASSETCATALOG_COMPILER_APPICON_NAME = AppIcon;
				DEVELOPMENT_TEAM = N6A2S4TCDQ;
				INFOPLIST_FILE = HogwartsAR/Info.plist;
				LD_RUNPATH_SEARCH_PATHS = "$(inherited) @executable_path/Frameworks";
				PRODUCT_BUNDLE_IDENTIFIER = com.redpanda.HogwartsARKit;
				PRODUCT_NAME = "$(TARGET_NAME)";
				SWIFT_VERSION = 4.0;
				TARGETED_DEVICE_FAMILY = "1,2";
			};
			name = Debug;
		};
		868A76871F43535700A43F78 /* Release */ = {
			isa = XCBuildConfiguration;
			buildSettings = {
				ASSETCATALOG_COMPILER_APPICON_NAME = AppIcon;
				DEVELOPMENT_TEAM = N6A2S4TCDQ;
				INFOPLIST_FILE = HogwartsAR/Info.plist;
				LD_RUNPATH_SEARCH_PATHS = "$(inherited) @executable_path/Frameworks";
				PRODUCT_BUNDLE_IDENTIFIER = com.redpanda.HogwartsARKit;
				PRODUCT_NAME = "$(TARGET_NAME)";
				SWIFT_VERSION = 4.0;
				TARGETED_DEVICE_FAMILY = "1,2";
			};
			name = Release;
		};
/* End XCBuildConfiguration section */

/* Begin XCConfigurationList section */
		868A766C1F43535700A43F78 /* Build configuration list for PBXProject "HogwartsAR" */ = {
			isa = XCConfigurationList;
			buildConfigurations = (
				868A76831F43535700A43F78 /* Debug */,
				868A76841F43535700A43F78 /* Release */,
			);
			defaultConfigurationIsVisible = 0;
			defaultConfigurationName = Release;
		};
		868A76851F43535700A43F78 /* Build configuration list for PBXNativeTarget "HogwartsAR" */ = {
			isa = XCConfigurationList;
			buildConfigurations = (
				868A76861F43535700A43F78 /* Debug */,
				868A76871F43535700A43F78 /* Release */,
			);
			defaultConfigurationIsVisible = 0;
			defaultConfigurationName = Release;
		};
/* End XCConfigurationList section */
	};
	rootObject = 868A76691F43535700A43F78 /* Project object */;
}
